
Microsoft Visual Studio Solution File, Format Version 12.00
# Visual Studio Version 17
VisualStudioVersion = 17.8.34511.84
MinimumVisualStudioVersion = 10.0.40219.1
Project("{9A19103F-16F7-4668-BE54-9A1E7A4F7556}") = "Workaround", "Workaround\Workaround.csproj", "{D7DE403E-683E-4B6E-AA01-3441E1112FC8}"
EndProject
Project("{FAE04EC0-301F-11D3-BF4B-00C04F79EFBC}") = "Entities", "Entities\Entities.csproj", "{AA88500B-608B-4659-8F15-3D9FE7D59AD2}"
EndProject
Project("{FAE04EC0-301F-11D3-BF4B-00C04F79EFBC}") = "Business", "Business\Business.csproj", "{6AC324C7-2392-4CA8-A2B9-1A855D465E23}"
EndProject
Global
	GlobalSection(SolutionConfigurationPlatforms) = preSolution
		Debug|Any CPU = Debug|Any CPU
		Release|Any CPU = Release|Any CPU
	EndGlobalSection
	GlobalSection(ProjectConfigurationPlatforms) = postSolution
		{D7DE403E-683E-4B6E-AA01-3441E1112FC8}.Debug|Any CPU.ActiveCfg = Debug|Any CPU
		{D7DE403E-683E-4B6E-AA01-3441E1112FC8}.Debug|Any CPU.Build.0 = Debug|Any CPU
		{D7DE403E-683E-4B6E-AA01-3441E1112FC8}.Release|Any CPU.ActiveCfg = Release|Any CPU
		{D7DE403E-683E-4B6E-AA01-3441E1112FC8}.Release|Any CPU.Build.0 = Release|Any CPU
		{AA88500B-608B-4659-8F15-3D9FE7D59AD2}.Debug|Any CPU.ActiveCfg = Debug|Any CPU
		{AA88500B-608B-4659-8F15-3D9FE7D59AD2}.Debug|Any CPU.Build.0 = Debug|Any CPU
		{AA88500B-608B-4659-8F15-3D9FE7D59AD2}.Release|Any CPU.ActiveCfg = Release|Any CPU
		{AA88500B-608B-4659-8F15-3D9FE7D59AD2}.Release|Any CPU.Build.0 = Release|Any CPU
		{6AC324C7-2392-4CA8-A2B9-1A855D465E23}.Debug|Any CPU.ActiveCfg = Debug|Any CPU
		{6AC324C7-2392-4CA8-A2B9-1A855D465E23}.Debug|Any CPU.Build.0 = Debug|Any CPU
		{6AC324C7-2392-4CA8-A2B9-1A855D465E23}.Release|Any CPU.ActiveCfg = Release|Any CPU
		{6AC324C7-2392-4CA8-A2B9-1A855D465E23}.Release|Any CPU.Build.0 = Release|Any CPU
	EndGlobalSection
	GlobalSection(SolutionProperties) = preSolution
		HideSolutionNode = FALSE
	EndGlobalSection
	GlobalSection(ExtensibilityGlobals) = postSolution
		SolutionGuid = {8B8C7C3E-2859-46CD-B29A-F1012962808F}
	EndGlobalSection
EndGlobal
